
Microsoft Visual Studio Solution File, Format Version 12.00
# Visual Studio Version 16
VisualStudioVersion = 16.0.33927.289
MinimumVisualStudioVersion = 10.0.40219.1
Project("{FAE04EC0-301F-11D3-BF4B-00C04F79EFBC}") = "SalesWebMvc11", "SalesWebMvc11\SalesWebMvc11.csproj", "{8DE21AE2-1931-4950-9B72-E000B0828B73}"
EndProject
Global
	GlobalSection(SolutionConfigurationPlatforms) = preSolution
		Debug|Any CPU = Debug|Any CPU
		Release|Any CPU = Release|Any CPU
	EndGlobalSection
	GlobalSection(ProjectConfigurationPlatforms) = postSolution
		{8DE21AE2-1931-4950-9B72-E000B0828B73}.Debug|Any CPU.ActiveCfg = Debug|Any CPU
		{8DE21AE2-1931-4950-9B72-E000B0828B73}.Debug|Any CPU.Build.0 = Debug|Any CPU
		{8DE21AE2-1931-4950-9B72-E000B0828B73}.Release|Any CPU.ActiveCfg = Release|Any CPU
		{8DE21AE2-1931-4950-9B72-E000B0828B73}.Release|Any CPU.Build.0 = Release|Any CPU
	EndGlobalSection
	GlobalSection(SolutionProperties) = preSolution
		HideSolutionNode = FALSE
	EndGlobalSection
	GlobalSection(ExtensibilityGlobals) = postSolution
		SolutionGuid = {EAD30EF6-03AA-4CC5-B8D6-24D87233110E}
	EndGlobalSection
EndGlobal
